
Microsoft Visual Studio Solution File, Format Version 12.00
# Visual Studio Version 17
VisualStudioVersion = 17.0.31903.59
MinimumVisualStudioVersion = 10.0.40219.1
Project("{FAE04EC0-301F-11D3-BF4B-00C04F79EFBC}") = "API", "API\API.csproj", "{DBBFF31F-6ED8-4910-82F7-76DEA1411496}"
EndProject
Project("{FAE04EC0-301F-11D3-BF4B-00C04F79EFBC}") = "Infrastructure", "Infrastructure\Infrastructure.csproj", "{7001F34F-6D7B-451C-B53A-3A5130DC0358}"
EndProject
Project("{FAE04EC0-301F-11D3-BF4B-00C04F79EFBC}") = "Core", "Core\Core.csproj", "{6433847B-576F-4A5F-B638-76B6566E6392}"
EndProject
Global
	GlobalSection(SolutionConfigurationPlatforms) = preSolution
		Debug|Any CPU = Debug|Any CPU
		Release|Any CPU = Release|Any CPU
	EndGlobalSection
	GlobalSection(SolutionProperties) = preSolution
		HideSolutionNode = FALSE
	EndGlobalSection
	GlobalSection(ProjectConfigurationPlatforms) = postSolution
		{DBBFF31F-6ED8-4910-82F7-76DEA1411496}.Debug|Any CPU.ActiveCfg = Debug|Any CPU
		{DBBFF31F-6ED8-4910-82F7-76DEA1411496}.Debug|Any CPU.Build.0 = Debug|Any CPU
		{DBBFF31F-6ED8-4910-82F7-76DEA1411496}.Release|Any CPU.ActiveCfg = Release|Any CPU
		{DBBFF31F-6ED8-4910-82F7-76DEA1411496}.Release|Any CPU.Build.0 = Release|Any CPU
		{7001F34F-6D7B-451C-B53A-3A5130DC0358}.Debug|Any CPU.ActiveCfg = Debug|Any CPU
		{7001F34F-6D7B-451C-B53A-3A5130DC0358}.Debug|Any CPU.Build.0 = Debug|Any CPU
		{7001F34F-6D7B-451C-B53A-3A5130DC0358}.Release|Any CPU.ActiveCfg = Release|Any CPU
		{7001F34F-6D7B-451C-B53A-3A5130DC0358}.Release|Any CPU.Build.0 = Release|Any CPU
		{6433847B-576F-4A5F-B638-76B6566E6392}.Debug|Any CPU.ActiveCfg = Debug|Any CPU
		{6433847B-576F-4A5F-B638-76B6566E6392}.Debug|Any CPU.Build.0 = Debug|Any CPU
		{6433847B-576F-4A5F-B638-76B6566E6392}.Release|Any CPU.ActiveCfg = Release|Any CPU
		{6433847B-576F-4A5F-B638-76B6566E6392}.Release|Any CPU.Build.0 = Release|Any CPU
	EndGlobalSection
EndGlobal
